
Microsoft Visual Studio Solution File, Format Version 12.00
# Visual Studio Version 17
VisualStudioVersion = 17.10.34916.146
MinimumVisualStudioVersion = 10.0.40219.1
Project("{9A19103F-16F7-4668-BE54-9A1E7A4F7556}") = "NewsLetterProvider", "NewsLetterProvider\NewsLetterProvider.csproj", "{953E1763-C3F8-483B-A160-FE97F17DB622}"
EndProject
Project("{FAE04EC0-301F-11D3-BF4B-00C04F79EFBC}") = "Data", "Data\Data.csproj", "{69DA0657-000E-4280-871B-C1B98D093076}"
EndProject
Global
	GlobalSection(SolutionConfigurationPlatforms) = preSolution
		Debug|Any CPU = Debug|Any CPU
		Release|Any CPU = Release|Any CPU
	EndGlobalSection
	GlobalSection(ProjectConfigurationPlatforms) = postSolution
		{953E1763-C3F8-483B-A160-FE97F17DB622}.Debug|Any CPU.ActiveCfg = Debug|Any CPU
		{953E1763-C3F8-483B-A160-FE97F17DB622}.Debug|Any CPU.Build.0 = Debug|Any CPU
		{953E1763-C3F8-483B-A160-FE97F17DB622}.Release|Any CPU.ActiveCfg = Release|Any CPU
		{953E1763-C3F8-483B-A160-FE97F17DB622}.Release|Any CPU.Build.0 = Release|Any CPU
		{69DA0657-000E-4280-871B-C1B98D093076}.Debug|Any CPU.ActiveCfg = Debug|Any CPU
		{69DA0657-000E-4280-871B-C1B98D093076}.Debug|Any CPU.Build.0 = Debug|Any CPU
		{69DA0657-000E-4280-871B-C1B98D093076}.Release|Any CPU.ActiveCfg = Release|Any CPU
		{69DA0657-000E-4280-871B-C1B98D093076}.Release|Any CPU.Build.0 = Release|Any CPU
	EndGlobalSection
	GlobalSection(SolutionProperties) = preSolution
		HideSolutionNode = FALSE
	EndGlobalSection
	GlobalSection(ExtensibilityGlobals) = postSolution
		SolutionGuid = {6C0377BB-9DA1-4AAB-B21E-508C35EDF788}
	EndGlobalSection
EndGlobal
